// !$*UTF8*$!
{
	archiveVersion = 1;
	classes = {
	};
	objectVersion = 46;
	objects = {

/* Begin PBXBuildFile section */
		8A2B37ED1A008E28003FCDAB /* AppDelegate.swift in Sources */ = {isa = PBXBuildFile; fileRef = 8A2B37EC1A008E28003FCDAB /* AppDelegate.swift */; };
		8A2B37EF1A008E28003FCDAB /* ViewController.swift in Sources */ = {isa = PBXBuildFile; fileRef = 8A2B37EE1A008E28003FCDAB /* ViewController.swift */; };
		8A2B37F21A008E28003FCDAB /* Main.storyboard in Resources */ = {isa = PBXBuildFile; fileRef = 8A2B37F01A008E28003FCDAB /* Main.storyboard */; };
		8A2B37F41A008E28003FCDAB /* Images.xcassets in Resources */ = {isa = PBXBuildFile; fileRef = 8A2B37F31A008E28003FCDAB /* Images.xcassets */; };
		8A2B37F71A008E28003FCDAB /* LaunchScreen.xib in Resources */ = {isa = PBXBuildFile; fileRef = 8A2B37F51A008E28003FCDAB /* LaunchScreen.xib */; };
		8A2B38031A008E28003FCDAB /* ServerTests.swift in Sources */ = {isa = PBXBuildFile; fileRef = 8A2B38021A008E28003FCDAB /* ServerTests.swift */; };
/* End PBXBuildFile section */

/* Begin PBXContainerItemProxy section */
		8A2B37FD1A008E28003FCDAB /* PBXContainerItemProxy */ = {
			isa = PBXContainerItemProxy;
			containerPortal = 8A2B37DF1A008E28003FCDAB /* Project object */;
			proxyType = 1;
			remoteGlobalIDString = 8A2B37E61A008E28003FCDAB;
			remoteInfo = Server;
		};
/* End PBXContainerItemProxy section */

/* Begin PBXFileReference section */
		8A2B37E71A008E28003FCDAB /* Server.app */ = {isa = PBXFileReference; explicitFileType = wrapper.application; includeInIndex = 0; path = Server.app; sourceTree = BUILT_PRODUCTS_DIR; };
		8A2B37EB1A008E28003FCDAB /* Info.plist */ = {isa = PBXFileReference; lastKnownFileType = text.plist.xml; path = Info.plist; sourceTree = "<group>"; };
		8A2B37EC1A008E28003FCDAB /* AppDelegate.swift */ = {isa = PBXFileReference; lastKnownFileType = sourcecode.swift; path = AppDelegate.swift; sourceTree = "<group>"; };
		8A2B37EE1A008E28003FCDAB /* ViewController.swift */ = {isa = PBXFileReference; lastKnownFileType = sourcecode.swift; path = ViewController.swift; sourceTree = "<group>"; };
		8A2B37F11A008E28003FCDAB /* Base */ = {isa = PBXFileReference; lastKnownFileType = file.storyboard; name = Base; path = Base.lproj/Main.storyboard; sourceTree = "<group>"; };
		8A2B37F31A008E28003FCDAB /* Images.xcassets */ = {isa = PBXFileReference; lastKnownFileType = folder.assetcatalog; path = Images.xcassets; sourceTree = "<group>"; };
		8A2B37F61A008E28003FCDAB /* Base */ = {isa = PBXFileReference; lastKnownFileType = file.xib; name = Base; path = Base.lproj/LaunchScreen.xib; sourceTree = "<group>"; };
		8A2B37FC1A008E28003FCDAB /* ServerTests.xctest */ = {isa = PBXFileReference; explicitFileType = wrapper.cfbundle; includeInIndex = 0; path = ServerTests.xctest; sourceTree = BUILT_PRODUCTS_DIR; };
		8A2B38011A008E28003FCDAB /* Info.plist */ = {isa = PBXFileReference; lastKnownFileType = text.plist.xml; path = Info.plist; sourceTree = "<group>"; };
		8A2B38021A008E28003FCDAB /* ServerTests.swift */ = {isa = PBXFileReference; lastKnownFileType = sourcecode.swift; path = ServerTests.swift; sourceTree = "<group>"; };
/* End PBXFileReference section */

/* Begin PBXFrameworksBuildPhase section */
		8A2B37E41A008E28003FCDAB /* Frameworks */ = {
			isa = PBXFrameworksBuildPhase;
			buildActionMask = 2147483647;
			files = (
			);
			runOnlyForDeploymentPostprocessing = 0;
		};
		8A2B37F91A008E28003FCDAB /* Frameworks */ = {
			isa = PBXFrameworksBuildPhase;
			buildActionMask = 2147483647;
			files = (
			);
			runOnlyForDeploymentPostprocessing = 0;
		};
/* End PBXFrameworksBuildPhase section */

/* Begin PBXGroup section */
		8A2B37DE1A008E28003FCDAB = {
			isa = PBXGroup;
			children = (
				8A2B37E91A008E28003FCDAB /* Server */,
				8A2B37FF1A008E28003FCDAB /* ServerTests */,
				8A2B37E81A008E28003FCDAB /* Products */,
			);
			sourceTree = "<group>";
		};
		8A2B37E81A008E28003FCDAB /* Products */ = {
			isa = PBXGroup;
			children = (
				8A2B37E71A008E28003FCDAB /* Server.app */,
				8A2B37FC1A008E28003FCDAB /* ServerTests.xctest */,
			);
			name = Products;
			sourceTree = "<group>";
		};
		8A2B37E91A008E28003FCDAB /* Server */ = {
			isa = PBXGroup;
			children = (
				8A2B37EC1A008E28003FCDAB /* AppDelegate.swift */,
				8A2B37EE1A008E28003FCDAB /* ViewController.swift */,
				8A2B37F01A008E28003FCDAB /* Main.storyboard */,
				8A2B37F31A008E28003FCDAB /* Images.xcassets */,
				8A2B37F51A008E28003FCDAB /* LaunchScreen.xib */,
				8A2B37EA1A008E28003FCDAB /* Supporting Files */,
			);
			path = Server;
			sourceTree = "<group>";
		};
		8A2B37EA1A008E28003FCDAB /* Supporting Files */ = {
			isa = PBXGroup;
			children = (
				8A2B37EB1A008E28003FCDAB /* Info.plist */,
			);
			name = "Supporting Files";
			sourceTree = "<group>";
		};
		8A2B37FF1A008E28003FCDAB /* ServerTests */ = {
			isa = PBXGroup;
			children = (
				8A2B38021A008E28003FCDAB /* ServerTests.swift */,
				8A2B38001A008E28003FCDAB /* Supporting Files */,
			);
			path = ServerTests;
			sourceTree = "<group>";
		};
		8A2B38001A008E28003FCDAB /* Supporting Files */ = {
			isa = PBXGroup;
			children = (
				8A2B38011A008E28003FCDAB /* Info.plist */,
			);
			name = "Supporting Files";
			sourceTree = "<group>";
		};
/* End PBXGroup section */

/* Begin PBXNativeTarget section */
		8A2B37E61A008E28003FCDAB /* Server */ = {
			isa = PBXNativeTarget;
			buildConfigurationList = 8A2B38061A008E28003FCDAB /* Build configuration list for PBXNativeTarget "Server" */;
			buildPhases = (
				8A2B37E31A008E28003FCDAB /* Sources */,
				8A2B37E41A008E28003FCDAB /* Frameworks */,
				8A2B37E51A008E28003FCDAB /* Resources */,
			);
			buildRules = (
			);
			dependencies = (
			);
			name = Server;
			productName = Server;
			productReference = 8A2B37E71A008E28003FCDAB /* Server.app */;
			productType = "com.apple.product-type.application";
		};
		8A2B37FB1A008E28003FCDAB /* ServerTests */ = {
			isa = PBXNativeTarget;
			buildConfigurationList = 8A2B38091A008E28003FCDAB /* Build configuration list for PBXNativeTarget "ServerTests" */;
			buildPhases = (
				8A2B37F81A008E28003FCDAB /* Sources */,
				8A2B37F91A008E28003FCDAB /* Frameworks */,
				8A2B37FA1A008E28003FCDAB /* Resources */,
			);
			buildRules = (
			);
			dependencies = (
				8A2B37FE1A008E28003FCDAB /* PBXTargetDependency */,
			);
			name = ServerTests;
			productName = ServerTests;
			productReference = 8A2B37FC1A008E28003FCDAB /* ServerTests.xctest */;
			productType = "com.apple.product-type.bundle.unit-test";
		};
/* End PBXNativeTarget section */

/* Begin PBXProject section */
		8A2B37DF1A008E28003FCDAB /* Project object */ = {
			isa = PBXProject;
			attributes = {
				LastUpgradeCheck = 0610;
				ORGANIZATIONNAME = "Bobo Shone";
				TargetAttributes = {
					8A2B37E61A008E28003FCDAB = {
						CreatedOnToolsVersion = 6.1;
						DevelopmentTeam = 3GZ2KL4KQ8;
					};
					8A2B37FB1A008E28003FCDAB = {
						CreatedOnToolsVersion = 6.1;
						TestTargetID = 8A2B37E61A008E28003FCDAB;
					};
				};
			};
			buildConfigurationList = 8A2B37E21A008E28003FCDAB /* Build configuration list for PBXProject "Server" */;
			compatibilityVersion = "Xcode 3.2";
			developmentRegion = English;
			hasScannedForEncodings = 0;
			knownRegions = (
				en,
				Base,
			);
			mainGroup = 8A2B37DE1A008E28003FCDAB;
			productRefGroup = 8A2B37E81A008E28003FCDAB /* Products */;
			projectDirPath = "";
			projectRoot = "";
			targets = (
				8A2B37E61A008E28003FCDAB /* Server */,
				8A2B37FB1A008E28003FCDAB /* ServerTests */,
			);
		};
/* End PBXProject section */

/* Begin PBXResourcesBuildPhase section */
		8A2B37E51A008E28003FCDAB /* Resources */ = {
			isa = PBXResourcesBuildPhase;
			buildActionMask = 2147483647;
			files = (
				8A2B37F21A008E28003FCDAB /* Main.storyboard in Resources */,
				8A2B37F71A008E28003FCDAB /* LaunchScreen.xib in Resources */,
				8A2B37F41A008E28003FCDAB /* Images.xcassets in Resources */,
			);
			runOnlyForDeploymentPostprocessing = 0;
		};
		8A2B37FA1A008E28003FCDAB /* Resources */ = {
			isa = PBXResourcesBuildPhase;
			buildActionMask = 2147483647;
			files = (
			);
			runOnlyForDeploymentPostprocessing = 0;
		};
/* End PBXResourcesBuildPhase section */

/* Begin PBXSourcesBuildPhase section */
		8A2B37E31A008E28003FCDAB /* Sources */ = {
			isa = PBXSourcesBuildPhase;
			buildActionMask = 2147483647;
			files = (
				8A2B37EF1A008E28003FCDAB /* ViewController.swift in Sources */,
				8A2B37ED1A008E28003FCDAB /* AppDelegate.swift in Sources */,
			);
			runOnlyForDeploymentPostprocessing = 0;
		};
		8A2B37F81A008E28003FCDAB /* Sources */ = {
			isa = PBXSourcesBuildPhase;
			buildActionMask = 2147483647;
			files = (
				8A2B38031A008E28003FCDAB /* ServerTests.swift in Sources */,
			);
			runOnlyForDeploymentPostprocessing = 0;
		};
/* End PBXSourcesBuildPhase section */

/* Begin PBXTargetDependency section */
		8A2B37FE1A008E28003FCDAB /* PBXTargetDependency */ = {
			isa = PBXTargetDependency;
			target = 8A2B37E61A008E28003FCDAB /* Server */;
			targetProxy = 8A2B37FD1A008E28003FCDAB /* PBXContainerItemProxy */;
		};
/* End PBXTargetDependency section */

/* Begin PBXVariantGroup section */
		8A2B37F01A008E28003FCDAB /* Main.storyboard */ = {
			isa = PBXVariantGroup;
			children = (
				8A2B37F11A008E28003FCDAB /* Base */,
			);
			name = Main.storyboard;
			sourceTree = "<group>";
		};
		8A2B37F51A008E28003FCDAB /* LaunchScreen.xib */ = {
			isa = PBXVariantGroup;
			children = (
				8A2B37F61A008E28003FCDAB /* Base */,
			);
			name = LaunchScreen.xib;
			sourceTree = "<group>";
		};
/* End PBXVariantGroup section */

/* Begin XCBuildConfiguration section */
		8A2B38041A008E28003FCDAB /* Debug */ = {
			isa = XCBuildConfiguration;
			buildSettings = {
				ALWAYS_SEARCH_USER_PATHS = NO;
				CLANG_CXX_LANGUAGE_STANDARD = "gnu++0x";
				CLANG_CXX_LIBRARY = "libc++";
				CLANG_ENABLE_MODULES = YES;
				CLANG_ENABLE_OBJC_ARC = YES;
				CLANG_WARN_BOOL_CONVERSION = YES;
				CLANG_WARN_CONSTANT_CONVERSION = YES;
				CLANG_WARN_DIRECT_OBJC_ISA_USAGE = YES_ERROR;
				CLANG_WARN_EMPTY_BODY = YES;
				CLANG_WARN_ENUM_CONVERSION = YES;
				CLANG_WARN_INT_CONVERSION = YES;
				CLANG_WARN_OBJC_ROOT_CLASS = YES_ERROR;
				CLANG_WARN_UNREACHABLE_CODE = YES;
				CLANG_WARN__DUPLICATE_METHOD_MATCH = YES;
				"CODE_SIGN_IDENTITY[sdk=iphoneos*]" = "iPhone Developer";
				COPY_PHASE_STRIP = NO;
				ENABLE_STRICT_OBJC_MSGSEND = YES;
				GCC_C_LANGUAGE_STANDARD = gnu99;
				GCC_DYNAMIC_NO_PIC = NO;
				GCC_OPTIMIZATION_LEVEL = 0;
				GCC_PREPROCESSOR_DEFINITIONS = (
					"DEBUG=1",
					"$(inherited)",
				);
				GCC_SYMBOLS_PRIVATE_EXTERN = NO;
				GCC_WARN_64_TO_32_BIT_CONVERSION = YES;
				GCC_WARN_ABOUT_RETURN_TYPE = YES_ERROR;
				GCC_WARN_UNDECLARED_SELECTOR = YES;
				GCC_WARN_UNINITIALIZED_AUTOS = YES_AGGRESSIVE;
				GCC_WARN_UNUSED_FUNCTION = YES;
				GCC_WARN_UNUSED_VARIABLE = YES;
				IPHONEOS_DEPLOYMENT_TARGET = 8.1;
				MTL_ENABLE_DEBUG_INFO = YES;
				ONLY_ACTIVE_ARCH = YES;
				SDKROOT = iphoneos;
				SWIFT_OPTIMIZATION_LEVEL = "-Onone";
			};
			name = Debug;
		};
		8A2B38051A008E28003FCDAB /* Release */ = {
			isa = XCBuildConfiguration;
			buildSettings = {
				ALWAYS_SEARCH_USER_PATHS = NO;
				CLANG_CXX_LANGUAGE_STANDARD = "gnu++0x";
				CLANG_CXX_LIBRARY = "libc++";
				CLANG_ENABLE_MODULES = YES;
				CLANG_ENABLE_OBJC_ARC = YES;
				CLANG_WARN_BOOL_CONVERSION = YES;
				CLANG_WARN_CONSTANT_CONVERSION = YES;
				CLANG_WARN_DIRECT_OBJC_ISA_USAGE = YES_ERROR;
				CLANG_WARN_EMPTY_BODY = YES;
				CLANG_WARN_ENUM_CONVERSION = YES;
				CLANG_WARN_INT_CONVERSION = YES;
				CLANG_WARN_OBJC_ROOT_CLASS = YES_ERROR;
				CLANG_WARN_UNREACHABLE_CODE = YES;
				CLANG_WARN__DUPLICATE_METHOD_MATCH = YES;
				"CODE_SIGN_IDENTITY[sdk=iphoneos*]" = "iPhone Developer";
				COPY_PHASE_STRIP = YES;
				ENABLE_NS_ASSERTIONS = NO;
				ENABLE_STRICT_OBJC_MSGSEND = YES;
				GCC_C_LANGUAGE_STANDARD = gnu99;
				GCC_WARN_64_TO_32_BIT_CONVERSION = YES;
				GCC_WARN_ABOUT_RETURN_TYPE = YES_ERROR;
				GCC_WARN_UNDECLARED_SELECTOR = YES;
				GCC_WARN_UNINITIALIZED_AUTOS = YES_AGGRESSIVE;
				GCC_WARN_UNUSED_FUNCTION = YES;
				GCC_WARN_UNUSED_VARIABLE = YES;
				IPHONEOS_DEPLOYMENT_TARGET = 8.1;
				MTL_ENABLE_DEBUG_INFO = NO;
				SDKROOT = iphoneos;
				VALIDATE_PRODUCT = YES;
			};
			name = Release;
		};
		8A2B38071A008E28003FCDAB /* Debug */ = {
			isa = XCBuildConfiguration;
			buildSettings = {
				ASSETCATALOG_COMPILER_APPICON_NAME = AppIcon;
				CODE_SIGN_IDENTITY = "iPhone Developer";
				"CODE_SIGN_IDENTITY[sdk=iphoneos*]" = "iPhone Developer";
				INFOPLIST_FILE = Server/Info.plist;
				IPHONEOS_DEPLOYMENT_TARGET = 7.0;
				LD_RUNPATH_SEARCH_PATHS = "$(inherited) @executable_path/Frameworks";
				PRODUCT_NAME = "$(TARGET_NAME)";
				PROVISIONING_PROFILE = "";
			};
			name = Debug;
		};
		8A2B38081A008E28003FCDAB /* Release */ = {
			isa = XCBuildConfiguration;
			buildSettings = {
				ASSETCATALOG_COMPILER_APPICON_NAME = AppIcon;
				CODE_SIGN_IDENTITY = "iPhone Developer";
				"CODE_SIGN_IDENTITY[sdk=iphoneos*]" = "iPhone Developer";
				INFOPLIST_FILE = Server/Info.plist;
				IPHONEOS_DEPLOYMENT_TARGET = 7.0;
				LD_RUNPATH_SEARCH_PATHS = "$(inherited) @executable_path/Frameworks";
				PRODUCT_NAME = "$(TARGET_NAME)";
				PROVISIONING_PROFILE = "";
			};
			name = Release;
		};
		8A2B380A1A008E28003FCDAB /* Debug */ = {
			isa = XCBuildConfiguration;
			buildSettings = {
				BUNDLE_LOADER = "$(TEST_HOST)";
				FRAMEWORK_SEARCH_PATHS = (
					"$(SDKROOT)/Developer/Library/Frameworks",
					"$(inherited)",
				);
				GCC_PREPROCESSOR_DEFINITIONS = (
					"DEBUG=1",
					"$(inherited)",
				);
				INFOPLIST_FILE = ServerTests/Info.plist;
				LD_RUNPATH_SEARCH_PATHS = "$(inherited) @executable_path/Frameworks @loader_path/Frameworks";
				PRODUCT_NAME = "$(TARGET_NAME)";
				TEST_HOST = "$(BUILT_PRODUCTS_DIR)/Server.app/Server";
			};
			name = Debug;
		};
		8A2B380B1A008E28003FCDAB /* Release */ = {
			isa = XCBuildConfiguration;
			buildSettings = {
				BUNDLE_LOADER = "$(TEST_HOST)";
				FRAMEWORK_SEARCH_PATHS = (
					"$(SDKROOT)/Developer/Library/Frameworks",
					"$(inherited)",
				);
				INFOPLIST_FILE = ServerTests/Info.plist;
				LD_RUNPATH_SEARCH_PATHS = "$(inherited) @executable_path/Frameworks @loader_path/Frameworks";
				PRODUCT_NAME = "$(TARGET_NAME)";
				TEST_HOST = "$(BUILT_PRODUCTS_DIR)/Server.app/Server";
			};
			name = Release;
		};
/* End XCBuildConfiguration section */

/* Begin XCConfigurationList section */
		8A2B37E21A008E28003FCDAB /* Build configuration list for PBXProject "Server" */ = {
			isa = XCConfigurationList;
			buildConfigurations = (
				8A2B38041A008E28003FCDAB /* Debug */,
				8A2B38051A008E28003FCDAB /* Release */,
			);
			defaultConfigurationIsVisible = 0;
			defaultConfigurationName = Release;
		};
		8A2B38061A008E28003FCDAB /* Build configuration list for PBXNativeTarget "Server" */ = {
			isa = XCConfigurationList;
			buildConfigurations = (
				8A2B38071A008E28003FCDAB /* Debug */,
				8A2B38081A008E28003FCDAB /* Release */,
			);
			defaultConfigurationIsVisible = 0;
		};
		8A2B38091A008E28003FCDAB /* Build configuration list for PBXNativeTarget "ServerTests" */ = {
			isa = XCConfigurationList;
			buildConfigurations = (
				8A2B380A1A008E28003FCDAB /* Debug */,
				8A2B380B1A008E28003FCDAB /* Release */,
			);
			defaultConfigurationIsVisible = 0;
		};
/* End XCConfigurationList section */
	};
	rootObject = 8A2B37DF1A008E28003FCDAB /* Project object */;
}
